
Microsoft Visual Studio Solution File, Format Version 12.00
# Visual Studio Version 16
VisualStudioVersion = 16.0.31205.134
MinimumVisualStudioVersion = 10.0.40219.1
Project("{FAE04EC0-301F-11D3-BF4B-00C04F79EFBC}") = "ConAppTranslator", "ConAppTranslator\ConAppTranslator.csproj", "{3D7253AA-230E-4897-A2BB-BE3F46154387}"
EndProject
Project("{FAE04EC0-301F-11D3-BF4B-00C04F79EFBC}") = "ConAppCalculator", "ConAppCalculator\ConAppCalculator.csproj", "{366A44F3-CE2B-4142-9B1D-B7708516A1E3}"
EndProject
Global
	GlobalSection(SolutionConfigurationPlatforms) = preSolution
		Debug|Any CPU = Debug|Any CPU
		Release|Any CPU = Release|Any CPU
	EndGlobalSection
	GlobalSection(ProjectConfigurationPlatforms) = postSolution
		{3D7253AA-230E-4897-A2BB-BE3F46154387}.Debug|Any CPU.ActiveCfg = Debug|Any CPU
		{3D7253AA-230E-4897-A2BB-BE3F46154387}.Debug|Any CPU.Build.0 = Debug|Any CPU
		{3D7253AA-230E-4897-A2BB-BE3F46154387}.Release|Any CPU.ActiveCfg = Release|Any CPU
		{3D7253AA-230E-4897-A2BB-BE3F46154387}.Release|Any CPU.Build.0 = Release|Any CPU
		{366A44F3-CE2B-4142-9B1D-B7708516A1E3}.Debug|Any CPU.ActiveCfg = Debug|Any CPU
		{366A44F3-CE2B-4142-9B1D-B7708516A1E3}.Debug|Any CPU.Build.0 = Debug|Any CPU
		{366A44F3-CE2B-4142-9B1D-B7708516A1E3}.Release|Any CPU.ActiveCfg = Release|Any CPU
		{366A44F3-CE2B-4142-9B1D-B7708516A1E3}.Release|Any CPU.Build.0 = Release|Any CPU
	EndGlobalSection
	GlobalSection(SolutionProperties) = preSolution
		HideSolutionNode = FALSE
	EndGlobalSection
	GlobalSection(ExtensibilityGlobals) = postSolution
		SolutionGuid = {9D5AD6B5-E27D-4A2E-955A-EEFECE362EB2}
	EndGlobalSection
EndGlobal
