
Microsoft Visual Studio Solution File, Format Version 12.00
# Visual Studio Version 16
VisualStudioVersion = 16.0.31205.134
MinimumVisualStudioVersion = 10.0.40219.1
Project("{FAE04EC0-301F-11D3-BF4B-00C04F79EFBC}") = "ConAppDatabase", "ConAppDatabase\ConAppDatabase.csproj", "{AF4FE7DB-E950-4334-83E5-DDA4A2860C3B}"
EndProject
Global
	GlobalSection(SolutionConfigurationPlatforms) = preSolution
		Debug|Any CPU = Debug|Any CPU
		Release|Any CPU = Release|Any CPU
	EndGlobalSection
	GlobalSection(ProjectConfigurationPlatforms) = postSolution
		{AF4FE7DB-E950-4334-83E5-DDA4A2860C3B}.Debug|Any CPU.ActiveCfg = Debug|Any CPU
		{AF4FE7DB-E950-4334-83E5-DDA4A2860C3B}.Debug|Any CPU.Build.0 = Debug|Any CPU
		{AF4FE7DB-E950-4334-83E5-DDA4A2860C3B}.Release|Any CPU.ActiveCfg = Release|Any CPU
		{AF4FE7DB-E950-4334-83E5-DDA4A2860C3B}.Release|Any CPU.Build.0 = Release|Any CPU
	EndGlobalSection
	GlobalSection(SolutionProperties) = preSolution
		HideSolutionNode = FALSE
	EndGlobalSection
	GlobalSection(ExtensibilityGlobals) = postSolution
		SolutionGuid = {86688EA8-C39D-4EB7-BC5F-1F3E3087A2C7}
	EndGlobalSection
EndGlobal
