
Microsoft Visual Studio Solution File, Format Version 12.00
# Visual Studio Version 16
VisualStudioVersion = 16.0.31205.134
MinimumVisualStudioVersion = 10.0.40219.1
Project("{FAE04EC0-301F-11D3-BF4B-00C04F79EFBC}") = "WPFApp 8 Button", "WPFApp 8 Button\WPFApp 8 Button.csproj", "{6A4CA354-8C45-4261-9D34-615121434272}"
EndProject
Global
	GlobalSection(SolutionConfigurationPlatforms) = preSolution
		Debug|Any CPU = Debug|Any CPU
		Release|Any CPU = Release|Any CPU
	EndGlobalSection
	GlobalSection(ProjectConfigurationPlatforms) = postSolution
		{6A4CA354-8C45-4261-9D34-615121434272}.Debug|Any CPU.ActiveCfg = Debug|Any CPU
		{6A4CA354-8C45-4261-9D34-615121434272}.Debug|Any CPU.Build.0 = Debug|Any CPU
		{6A4CA354-8C45-4261-9D34-615121434272}.Release|Any CPU.ActiveCfg = Release|Any CPU
		{6A4CA354-8C45-4261-9D34-615121434272}.Release|Any CPU.Build.0 = Release|Any CPU
	EndGlobalSection
	GlobalSection(SolutionProperties) = preSolution
		HideSolutionNode = FALSE
	EndGlobalSection
	GlobalSection(ExtensibilityGlobals) = postSolution
		SolutionGuid = {6C9CAEE5-FB3C-476D-BAB7-DAEAE3B5AA4D}
	EndGlobalSection
EndGlobal
