
Microsoft Visual Studio Solution File, Format Version 12.00
# Visual Studio Version 16
VisualStudioVersion = 16.0.31205.134
MinimumVisualStudioVersion = 10.0.40219.1
Project("{9A19103F-16F7-4668-BE54-9A1E7A4F7556}") = "ConAppRectangleLoop", "ConAppRectangleLoop\ConAppRectangleLoop.csproj", "{3205AFA0-272F-4F98-A266-8BCBD4E6DBE8}"
EndProject
Project("{9A19103F-16F7-4668-BE54-9A1E7A4F7556}") = "ConAppMenuProgram", "ConAppMenuProgram\ConAppMenuProgram.csproj", "{C19C40B5-1A08-4F13-8A66-C152CECCC0BB}"
EndProject
Project("{FAE04EC0-301F-11D3-BF4B-00C04F79EFBC}") = "ConAppSumOddLoop", "ConAppSumOddLoop\ConAppSumOddLoop.csproj", "{AE8510F8-AFB8-4B68-BFD1-72B83B407A43}"
EndProject
Project("{FAE04EC0-301F-11D3-BF4B-00C04F79EFBC}") = "ConAppShape", "ConAppShape\ConAppShape.csproj", "{22321E6E-6D70-4FAF-B28A-00CBAA981E61}"
EndProject
Global
	GlobalSection(SolutionConfigurationPlatforms) = preSolution
		Debug|Any CPU = Debug|Any CPU
		Release|Any CPU = Release|Any CPU
	EndGlobalSection
	GlobalSection(ProjectConfigurationPlatforms) = postSolution
		{3205AFA0-272F-4F98-A266-8BCBD4E6DBE8}.Debug|Any CPU.ActiveCfg = Debug|Any CPU
		{3205AFA0-272F-4F98-A266-8BCBD4E6DBE8}.Debug|Any CPU.Build.0 = Debug|Any CPU
		{3205AFA0-272F-4F98-A266-8BCBD4E6DBE8}.Release|Any CPU.ActiveCfg = Release|Any CPU
		{3205AFA0-272F-4F98-A266-8BCBD4E6DBE8}.Release|Any CPU.Build.0 = Release|Any CPU
		{C19C40B5-1A08-4F13-8A66-C152CECCC0BB}.Debug|Any CPU.ActiveCfg = Debug|Any CPU
		{C19C40B5-1A08-4F13-8A66-C152CECCC0BB}.Debug|Any CPU.Build.0 = Debug|Any CPU
		{C19C40B5-1A08-4F13-8A66-C152CECCC0BB}.Release|Any CPU.ActiveCfg = Release|Any CPU
		{C19C40B5-1A08-4F13-8A66-C152CECCC0BB}.Release|Any CPU.Build.0 = Release|Any CPU
		{AE8510F8-AFB8-4B68-BFD1-72B83B407A43}.Debug|Any CPU.ActiveCfg = Debug|Any CPU
		{AE8510F8-AFB8-4B68-BFD1-72B83B407A43}.Debug|Any CPU.Build.0 = Debug|Any CPU
		{AE8510F8-AFB8-4B68-BFD1-72B83B407A43}.Release|Any CPU.ActiveCfg = Release|Any CPU
		{AE8510F8-AFB8-4B68-BFD1-72B83B407A43}.Release|Any CPU.Build.0 = Release|Any CPU
		{22321E6E-6D70-4FAF-B28A-00CBAA981E61}.Debug|Any CPU.ActiveCfg = Debug|Any CPU
		{22321E6E-6D70-4FAF-B28A-00CBAA981E61}.Debug|Any CPU.Build.0 = Debug|Any CPU
		{22321E6E-6D70-4FAF-B28A-00CBAA981E61}.Release|Any CPU.ActiveCfg = Release|Any CPU
		{22321E6E-6D70-4FAF-B28A-00CBAA981E61}.Release|Any CPU.Build.0 = Release|Any CPU
	EndGlobalSection
	GlobalSection(SolutionProperties) = preSolution
		HideSolutionNode = FALSE
	EndGlobalSection
	GlobalSection(ExtensibilityGlobals) = postSolution
		SolutionGuid = {DB02451B-B510-44D0-AEB0-0459A5586709}
	EndGlobalSection
EndGlobal
